<?xml version="1.0" encoding="UTF-8" standalone="yes" ?>
<CodeBlocks_project_file>
	<FileVersion major="1" minor="6" />
	<Project>
		<Option title="test" />
		<Option pch_mode="2" />
		<Option compiler="gcc" />
		<Build>
			<Target title="Debug">
				<Option output="bin/Debug/test" prefix_auto="1" extension_auto="1" />
				<Option object_output="obj/Debug/" />
				<Option type="1" />
				<Option compiler="gcc" />
				<Compiler>
					<Add option="-g" />
					<Add directory="include" />
				</Compiler>
			</Target>
			<Target title="Release">
				<Option output="bin/Release/test" prefix_auto="1" extension_auto="1" />
				<Option object_output="obj/Release/" />
				<Option type="1" />
				<Option compiler="gcc" />
				<Compiler>
					<Add option="-O2" />
					<Add directory="include" />
				</Compiler>
				<Linker>
					<Add option="-s" />
				</Linker>
			</Target>
		</Build>
		<Compiler>
			<Add option="-Wall" />
			<Add option="-std=c++11" />
			<Add option="-fexceptions" />
			<Add directory="../include" />
		</Compiler>
		<Unit filename="../src/add.cpp" />
		<Unit filename="../src/assembly_error.cpp" />
		<Unit filename="../src/b.cpp" />
		<Unit filename="../src/beq.cpp" />
		<Unit filename="../src/bge.cpp" />
		<Unit filename="../src/bgt.cpp" />
		<Unit filename="../src/ble.cpp" />
		<Unit filename="../src/blt.cpp" />
		<Unit filename="../src/bne.cpp" />
		<Unit filename="../src/branch.cpp" />
		<Unit filename="../src/computer.cpp" />
		<Unit filename="../src/div.cpp" />
		<Unit filename="../src/end.cpp" />
		<Unit filename="../src/instruction.cpp" />
		<Unit filename="../src/instructionsfactory.cpp" />
		<Unit filename="../src/load.cpp" />
		<Unit filename="../src/loadih.cpp" />
		<Unit filename="../src/loadil.cpp" />
		<Unit filename="../src/move.cpp" />
		<Unit filename="../src/mul.cpp" />
		<Unit filename="../src/print.cpp" />
		<Unit filename="../src/program.cpp" />
		<Unit filename="../src/store.cpp" />
		<Unit filename="../src/sub.cpp" />
		<Unit filename="../src/utils.cpp" />
		<Unit filename="main.cpp" />
		<Extensions>
			<code_completion />
			<envvars />
			<debugger />
		</Extensions>
	</Project>
</CodeBlocks_project_file>
